{
  "requires": true,
  "lockfileVersion": 1,
  "dependencies": {
    "axios": {
      "version": "0.16.2",
      "resolved": "https://registry.npmjs.org/axios/-/axios-0.16.2.tgz",
      "integrity": "sha1-uk+S8XFn37q0CYN4VFS5rBScPG0=",
      "dev": true
    },
    "bootstrap-sass": {
      "version": "3.3.7",
      "resolved": "https://registry.npmjs.org/bootstrap-sass/-/bootstrap-sass-3.3.7.tgz",
      "integrity": "sha1-ZZbHq0D2Y3OTMjqwvIDQZPxjBJg=",
      "dev": true
    },
    "cross-env": {
      "version": "5.2.0",
      "resolved": "https://registry.npmjs.org/cross-env/-/cross-env-5.2.0.tgz",
      "integrity": "sha512-jtdNFfFW1hB7sMhr/H6rW1Z45LFqyI431m3qU6bFXcQ3Eh7LtBuG3h74o7ohHZ3crrRkkqHlo4jYHFPcjroANg==",
      "dev": true
    },
    "jquery": {
      "version": "3.5.0",
      "resolved": "https://registry.npmjs.org/jquery/-/jquery-3.5.0.tgz",
      "integrity": "sha512-Xb7SVYMvygPxbFMpTFQiHh1J7HClEaThguL15N/Gg37Lri/qKyhRGZYzHRyLH8Stq3Aow0LsHO2O2ci86fCrNQ==",
      "dev": true
    },
    "laravel-mix": {
      "version": "1.7.2",
      "resolved": "https://registry.npmjs.org/laravel-mix/-/laravel-mix-1.7.2.tgz",
      "integrity": "sha512-La1eAsCkEdySc9J9MJ/g8Dj1EfGo7aXW92GZKoSbrSg4uQWNNoV824e6+o4f4Eo/YWYrYwZTkdnWJJ1uVqP+dw==",
      "dev": true
    },
    "lodash": {
      "version": "4.17.11",
      "resolved": "https://registry.npmjs.org/lodash/-/lodash-4.17.11.tgz",
      "integrity": "sha512-cQKh8igo5QUhZ7lg38DYWAxMvjSAKG0A8wGSVimP07SIUEK2UO+arSRKbRZWtelMtN5V0Hkwh5ryOto/SshYIg==",
      "dev": true
    },
    "rcon": {
      "version": "1.0.3",
      "resolved": "https://registry.npmjs.org/rcon/-/rcon-1.0.3.tgz",
      "integrity": "sha1-1X6jqkXCg+1UbOwNIlmAE40B2ZI="
    },
    "vue": {
      "version": "2.5.17",
      "resolved": "https://registry.npmjs.org/vue/-/vue-2.5.17.tgz",
      "integrity": "sha512-mFbcWoDIJi0w0Za4emyLiW72Jae0yjANHbCVquMKijcavBGypqlF7zHRgMa5k4sesdv7hv2rB4JPdZfR+TPfhQ==",
      "dev": true
    }
  }
}
